// !$*UTF8*$!
{
	archiveVersion = 1;
	classes = {
	};
	objectVersion = 54;
	objects = {

/* Begin PBXBuildFile section */
		9D0895D02686401900FC516E /* ChessTimer.swift in Sources */ = {isa = PBXBuildFile; fileRef = 9D0895CF2686401900FC516E /* ChessTimer.swift */; };
		9D0895D22686411900FC516E /* SideDisplay.swift in Sources */ = {isa = PBXBuildFile; fileRef = 9D0895D12686411900FC516E /* SideDisplay.swift */; };
		9D0895D42686437000FC516E /* TimeInterval.swift in Sources */ = {isa = PBXBuildFile; fileRef = 9D0895D32686437000FC516E /* TimeInterval.swift */; };
		9D2D71A3268E08FD004DA3C5 /* Dashboard.swift in Sources */ = {isa = PBXBuildFile; fileRef = 9D2D71A2268E08FD004DA3C5 /* Dashboard.swift */; };
		9D2D71A5268E094A004DA3C5 /* ChessClockStore.swift in Sources */ = {isa = PBXBuildFile; fileRef = 9D2D71A4268E094A004DA3C5 /* ChessClockStore.swift */; };
		9DB7F718267CDDB9003E92AB /* ChessClockApp.swift in Sources */ = {isa = PBXBuildFile; fileRef = 9DB7F717267CDDB9003E92AB /* ChessClockApp.swift */; };
		9DB7F71A267CDDB9003E92AB /* TimerScreen.swift in Sources */ = {isa = PBXBuildFile; fileRef = 9DB7F719267CDDB9003E92AB /* TimerScreen.swift */; };
		9DB7F71C267CDDBB003E92AB /* Assets.xcassets in Resources */ = {isa = PBXBuildFile; fileRef = 9DB7F71B267CDDBB003E92AB /* Assets.xcassets */; };
		9DB7F71F267CDDBB003E92AB /* PreviewAssets.xcassets in Resources */ = {isa = PBXBuildFile; fileRef = 9DB7F71E267CDDBB003E92AB /* PreviewAssets.xcassets */; };
		9DF38A9A2689E8EF008E5CE3 /* TimerConfiguration.swift in Sources */ = {isa = PBXBuildFile; fileRef = 9DF38A992689E8EF008E5CE3 /* TimerConfiguration.swift */; };
		9DF38A9C2689E961008E5CE3 /* Side.swift in Sources */ = {isa = PBXBuildFile; fileRef = 9DF38A9B2689E961008E5CE3 /* Side.swift */; };
		9DF38A9E268CEA21008E5CE3 /* TimerState.swift in Sources */ = {isa = PBXBuildFile; fileRef = 9DF38A9D268CEA21008E5CE3 /* TimerState.swift */; };
/* End PBXBuildFile section */

/* Begin PBXFileReference section */
		9D0895CF2686401900FC516E /* ChessTimer.swift */ = {isa = PBXFileReference; lastKnownFileType = sourcecode.swift; path = ChessTimer.swift; sourceTree = "<group>"; };
		9D0895D12686411900FC516E /* SideDisplay.swift */ = {isa = PBXFileReference; lastKnownFileType = sourcecode.swift; path = SideDisplay.swift; sourceTree = "<group>"; };
		9D0895D32686437000FC516E /* TimeInterval.swift */ = {isa = PBXFileReference; lastKnownFileType = sourcecode.swift; path = TimeInterval.swift; sourceTree = "<group>"; };
		9D2D71A2268E08FD004DA3C5 /* Dashboard.swift */ = {isa = PBXFileReference; lastKnownFileType = sourcecode.swift; path = Dashboard.swift; sourceTree = "<group>"; };
		9D2D71A4268E094A004DA3C5 /* ChessClockStore.swift */ = {isa = PBXFileReference; lastKnownFileType = sourcecode.swift; path = ChessClockStore.swift; sourceTree = "<group>"; };
		9DB7F714267CDDB8003E92AB /* ChessClock.app */ = {isa = PBXFileReference; explicitFileType = wrapper.application; includeInIndex = 0; path = ChessClock.app; sourceTree = BUILT_PRODUCTS_DIR; };
		9DB7F717267CDDB9003E92AB /* ChessClockApp.swift */ = {isa = PBXFileReference; lastKnownFileType = sourcecode.swift; path = ChessClockApp.swift; sourceTree = "<group>"; };
		9DB7F719267CDDB9003E92AB /* TimerScreen.swift */ = {isa = PBXFileReference; lastKnownFileType = sourcecode.swift; path = TimerScreen.swift; sourceTree = "<group>"; };
		9DB7F71B267CDDBB003E92AB /* Assets.xcassets */ = {isa = PBXFileReference; lastKnownFileType = folder.assetcatalog; path = Assets.xcassets; sourceTree = "<group>"; };
		9DB7F71E267CDDBB003E92AB /* PreviewAssets.xcassets */ = {isa = PBXFileReference; lastKnownFileType = folder.assetcatalog; path = PreviewAssets.xcassets; sourceTree = "<group>"; };
		9DB7F720267CDDBB003E92AB /* Info.plist */ = {isa = PBXFileReference; lastKnownFileType = text.plist.xml; path = Info.plist; sourceTree = "<group>"; };
		9DB7F728267CDF93003E92AB /* README.md */ = {isa = PBXFileReference; lastKnownFileType = net.daringfireball.markdown; path = README.md; sourceTree = "<group>"; };
		9DB7F72A267CDF93003E92AB /* .gitignore */ = {isa = PBXFileReference; lastKnownFileType = text; path = .gitignore; sourceTree = "<group>"; };
		9DB7F72B267CDF93003E92AB /* LICENSE */ = {isa = PBXFileReference; lastKnownFileType = text; path = LICENSE; sourceTree = "<group>"; };
		9DB7F72C267CDFFC003E92AB /* .gitconfig */ = {isa = PBXFileReference; lastKnownFileType = folder; path = .gitconfig; sourceTree = "<group>"; };
		9DF38A992689E8EF008E5CE3 /* TimerConfiguration.swift */ = {isa = PBXFileReference; lastKnownFileType = sourcecode.swift; path = TimerConfiguration.swift; sourceTree = "<group>"; };
		9DF38A9B2689E961008E5CE3 /* Side.swift */ = {isa = PBXFileReference; lastKnownFileType = sourcecode.swift; path = Side.swift; sourceTree = "<group>"; };
		9DF38A9D268CEA21008E5CE3 /* TimerState.swift */ = {isa = PBXFileReference; lastKnownFileType = sourcecode.swift; path = TimerState.swift; sourceTree = "<group>"; };
/* End PBXFileReference section */

/* Begin PBXFrameworksBuildPhase section */
		9DB7F711267CDDB8003E92AB /* Frameworks */ = {
			isa = PBXFrameworksBuildPhase;
			buildActionMask = 2147483647;
			files = (
			);
			runOnlyForDeploymentPostprocessing = 0;
		};
/* End PBXFrameworksBuildPhase section */

/* Begin PBXGroup section */
		9DB7F70B267CDDB8003E92AB = {
			isa = PBXGroup;
			children = (
				9DB7F727267CDF78003E92AB /* extra */,
				9DB7F726267CDE14003E92AB /* config */,
				9DB7F72E267D1BAF003E92AB /* poc */,
				9DB7F716267CDDB9003E92AB /* src */,
				9DB7F715267CDDB8003E92AB /* Products */,
			);
			sourceTree = "<group>";
		};
		9DB7F715267CDDB8003E92AB /* Products */ = {
			isa = PBXGroup;
			children = (
				9DB7F714267CDDB8003E92AB /* ChessClock.app */,
			);
			name = Products;
			sourceTree = "<group>";
		};
		9DB7F716267CDDB9003E92AB /* src */ = {
			isa = PBXGroup;
			children = (
				9DB7F717267CDDB9003E92AB /* ChessClockApp.swift */,
				9D2D71A2268E08FD004DA3C5 /* Dashboard.swift */,
				9DB7F719267CDDB9003E92AB /* TimerScreen.swift */,
				9D0895D12686411900FC516E /* SideDisplay.swift */,
				9DB7F71B267CDDBB003E92AB /* Assets.xcassets */,
				9DB7F71D267CDDBB003E92AB /* PreviewContent */,
				9D2D71A4268E094A004DA3C5 /* ChessClockStore.swift */,
				9D0895CF2686401900FC516E /* ChessTimer.swift */,
				9DF38A992689E8EF008E5CE3 /* TimerConfiguration.swift */,
				9DF38A9D268CEA21008E5CE3 /* TimerState.swift */,
				9DF38A9B2689E961008E5CE3 /* Side.swift */,
				9D0895D32686437000FC516E /* TimeInterval.swift */,
			);
			path = src;
			sourceTree = "<group>";
		};
		9DB7F71D267CDDBB003E92AB /* PreviewContent */ = {
			isa = PBXGroup;
			children = (
				9DB7F71E267CDDBB003E92AB /* PreviewAssets.xcassets */,
			);
			path = PreviewContent;
			sourceTree = "<group>";
		};
		9DB7F726267CDE14003E92AB /* config */ = {
			isa = PBXGroup;
			children = (
				9DB7F720267CDDBB003E92AB /* Info.plist */,
			);
			path = config;
			sourceTree = "<group>";
		};
		9DB7F727267CDF78003E92AB /* extra */ = {
			isa = PBXGroup;
			children = (
				9DB7F728267CDF93003E92AB /* README.md */,
				9DB7F72B267CDF93003E92AB /* LICENSE */,
				9DB7F72A267CDF93003E92AB /* .gitignore */,
				9DB7F72C267CDFFC003E92AB /* .gitconfig */,
			);
			name = extra;
			sourceTree = "<group>";
		};
		9DB7F72E267D1BAF003E92AB /* poc */ = {
			isa = PBXGroup;
			children = (
			);
			path = poc;
			sourceTree = "<group>";
		};
/* End PBXGroup section */

/* Begin PBXNativeTarget section */
		9DB7F713267CDDB8003E92AB /* ChessClock */ = {
			isa = PBXNativeTarget;
			buildConfigurationList = 9DB7F723267CDDBB003E92AB /* Build configuration list for PBXNativeTarget "ChessClock" */;
			buildPhases = (
				9DB7F710267CDDB8003E92AB /* Sources */,
				9DB7F711267CDDB8003E92AB /* Frameworks */,
				9DB7F712267CDDB8003E92AB /* Resources */,
			);
			buildRules = (
			);
			dependencies = (
			);
			name = ChessClock;
			productName = ChessClock;
			productReference = 9DB7F714267CDDB8003E92AB /* ChessClock.app */;
			productType = "com.apple.product-type.application";
		};
/* End PBXNativeTarget section */

/* Begin PBXProject section */
		9DB7F70C267CDDB8003E92AB /* Project object */ = {
			isa = PBXProject;
			attributes = {
				LastSwiftUpdateCheck = 1250;
				LastUpgradeCheck = 1250;
				TargetAttributes = {
					9DB7F713267CDDB8003E92AB = {
						CreatedOnToolsVersion = 12.5;
					};
				};
			};
			buildConfigurationList = 9DB7F70F267CDDB8003E92AB /* Build configuration list for PBXProject "ChessClock" */;
			compatibilityVersion = "Xcode 12.0";
			developmentRegion = en;
			hasScannedForEncodings = 0;
			knownRegions = (
				en,
				Base,
			);
			mainGroup = 9DB7F70B267CDDB8003E92AB;
			productRefGroup = 9DB7F715267CDDB8003E92AB /* Products */;
			projectDirPath = "";
			projectRoot = "";
			targets = (
				9DB7F713267CDDB8003E92AB /* ChessClock */,
			);
		};
/* End PBXProject section */

/* Begin PBXResourcesBuildPhase section */
		9DB7F712267CDDB8003E92AB /* Resources */ = {
			isa = PBXResourcesBuildPhase;
			buildActionMask = 2147483647;
			files = (
				9DB7F71F267CDDBB003E92AB /* PreviewAssets.xcassets in Resources */,
				9DB7F71C267CDDBB003E92AB /* Assets.xcassets in Resources */,
			);
			runOnlyForDeploymentPostprocessing = 0;
		};
/* End PBXResourcesBuildPhase section */

/* Begin PBXSourcesBuildPhase section */
		9DB7F710267CDDB8003E92AB /* Sources */ = {
			isa = PBXSourcesBuildPhase;
			buildActionMask = 2147483647;
			files = (
				9DB7F71A267CDDB9003E92AB /* TimerScreen.swift in Sources */,
				9D0895D22686411900FC516E /* SideDisplay.swift in Sources */,
				9DB7F718267CDDB9003E92AB /* ChessClockApp.swift in Sources */,
				9D0895D02686401900FC516E /* ChessTimer.swift in Sources */,
				9D2D71A3268E08FD004DA3C5 /* Dashboard.swift in Sources */,
				9DF38A9C2689E961008E5CE3 /* Side.swift in Sources */,
				9DF38A9A2689E8EF008E5CE3 /* TimerConfiguration.swift in Sources */,
				9D0895D42686437000FC516E /* TimeInterval.swift in Sources */,
				9D2D71A5268E094A004DA3C5 /* ChessClockStore.swift in Sources */,
				9DF38A9E268CEA21008E5CE3 /* TimerState.swift in Sources */,
			);
			runOnlyForDeploymentPostprocessing = 0;
		};
/* End PBXSourcesBuildPhase section */

/* Begin XCBuildConfiguration section */
		9DB7F721267CDDBB003E92AB /* Debug */ = {
			isa = XCBuildConfiguration;
			buildSettings = {
				ALWAYS_SEARCH_USER_PATHS = NO;
				CLANG_ANALYZER_NONNULL = YES;
				CLANG_ANALYZER_NUMBER_OBJECT_CONVERSION = YES_AGGRESSIVE;
				CLANG_CXX_LANGUAGE_STANDARD = "gnu++14";
				CLANG_CXX_LIBRARY = "libc++";
				CLANG_ENABLE_MODULES = YES;
				CLANG_ENABLE_OBJC_ARC = YES;
				CLANG_ENABLE_OBJC_WEAK = YES;
				CLANG_WARN_BLOCK_CAPTURE_AUTORELEASING = YES;
				CLANG_WARN_BOOL_CONVERSION = YES;
				CLANG_WARN_COMMA = YES;
				CLANG_WARN_CONSTANT_CONVERSION = YES;
				CLANG_WARN_DEPRECATED_OBJC_IMPLEMENTATIONS = YES;
				CLANG_WARN_DIRECT_OBJC_ISA_USAGE = YES_ERROR;
				CLANG_WARN_DOCUMENTATION_COMMENTS = YES;
				CLANG_WARN_EMPTY_BODY = YES;
				CLANG_WARN_ENUM_CONVERSION = YES;
				CLANG_WARN_INFINITE_RECURSION = YES;
				CLANG_WARN_INT_CONVERSION = YES;
				CLANG_WARN_NON_LITERAL_NULL_CONVERSION = YES;
				CLANG_WARN_OBJC_IMPLICIT_RETAIN_SELF = YES;
				CLANG_WARN_OBJC_LITERAL_CONVERSION = YES;
				CLANG_WARN_OBJC_ROOT_CLASS = YES_ERROR;
				CLANG_WARN_QUOTED_INCLUDE_IN_FRAMEWORK_HEADER = YES;
				CLANG_WARN_RANGE_LOOP_ANALYSIS = YES;
				CLANG_WARN_STRICT_PROTOTYPES = YES;
				CLANG_WARN_SUSPICIOUS_MOVE = YES;
				CLANG_WARN_UNGUARDED_AVAILABILITY = YES_AGGRESSIVE;
				CLANG_WARN_UNREACHABLE_CODE = YES;
				CLANG_WARN__DUPLICATE_METHOD_MATCH = YES;
				COPY_PHASE_STRIP = NO;
				DEBUG_INFORMATION_FORMAT = dwarf;
				ENABLE_STRICT_OBJC_MSGSEND = YES;
				ENABLE_TESTABILITY = YES;
				GCC_C_LANGUAGE_STANDARD = gnu11;
				GCC_DYNAMIC_NO_PIC = NO;
				GCC_NO_COMMON_BLOCKS = YES;
				GCC_OPTIMIZATION_LEVEL = 0;
				GCC_PREPROCESSOR_DEFINITIONS = (
					"DEBUG=1",
					"$(inherited)",
				);
				GCC_WARN_64_TO_32_BIT_CONVERSION = YES;
				GCC_WARN_ABOUT_RETURN_TYPE = YES_ERROR;
				GCC_WARN_UNDECLARED_SELECTOR = YES;
				GCC_WARN_UNINITIALIZED_AUTOS = YES_AGGRESSIVE;
				GCC_WARN_UNUSED_FUNCTION = YES;
				GCC_WARN_UNUSED_VARIABLE = YES;
				IPHONEOS_DEPLOYMENT_TARGET = 14.5;
				MTL_ENABLE_DEBUG_INFO = INCLUDE_SOURCE;
				MTL_FAST_MATH = YES;
				ONLY_ACTIVE_ARCH = YES;
				SDKROOT = iphoneos;
				SWIFT_ACTIVE_COMPILATION_CONDITIONS = DEBUG;
				SWIFT_OPTIMIZATION_LEVEL = "-Onone";
			};
			name = Debug;
		};
		9DB7F722267CDDBB003E92AB /* Release */ = {
			isa = XCBuildConfiguration;
			buildSettings = {
				ALWAYS_SEARCH_USER_PATHS = NO;
				CLANG_ANALYZER_NONNULL = YES;
				CLANG_ANALYZER_NUMBER_OBJECT_CONVERSION = YES_AGGRESSIVE;
				CLANG_CXX_LANGUAGE_STANDARD = "gnu++14";
				CLANG_CXX_LIBRARY = "libc++";
				CLANG_ENABLE_MODULES = YES;
				CLANG_ENABLE_OBJC_ARC = YES;
				CLANG_ENABLE_OBJC_WEAK = YES;
				CLANG_WARN_BLOCK_CAPTURE_AUTORELEASING = YES;
				CLANG_WARN_BOOL_CONVERSION = YES;
				CLANG_WARN_COMMA = YES;
				CLANG_WARN_CONSTANT_CONVERSION = YES;
				CLANG_WARN_DEPRECATED_OBJC_IMPLEMENTATIONS = YES;
				CLANG_WARN_DIRECT_OBJC_ISA_USAGE = YES_ERROR;
				CLANG_WARN_DOCUMENTATION_COMMENTS = YES;
				CLANG_WARN_EMPTY_BODY = YES;
				CLANG_WARN_ENUM_CONVERSION = YES;
				CLANG_WARN_INFINITE_RECURSION = YES;
				CLANG_WARN_INT_CONVERSION = YES;
				CLANG_WARN_NON_LITERAL_NULL_CONVERSION = YES;
				CLANG_WARN_OBJC_IMPLICIT_RETAIN_SELF = YES;
				CLANG_WARN_OBJC_LITERAL_CONVERSION = YES;
				CLANG_WARN_OBJC_ROOT_CLASS = YES_ERROR;
				CLANG_WARN_QUOTED_INCLUDE_IN_FRAMEWORK_HEADER = YES;
				CLANG_WARN_RANGE_LOOP_ANALYSIS = YES;
				CLANG_WARN_STRICT_PROTOTYPES = YES;
				CLANG_WARN_SUSPICIOUS_MOVE = YES;
				CLANG_WARN_UNGUARDED_AVAILABILITY = YES_AGGRESSIVE;
				CLANG_WARN_UNREACHABLE_CODE = YES;
				CLANG_WARN__DUPLICATE_METHOD_MATCH = YES;
				COPY_PHASE_STRIP = NO;
				DEBUG_INFORMATION_FORMAT = "dwarf-with-dsym";
				ENABLE_NS_ASSERTIONS = NO;
				ENABLE_STRICT_OBJC_MSGSEND = YES;
				GCC_C_LANGUAGE_STANDARD = gnu11;
				GCC_NO_COMMON_BLOCKS = YES;
				GCC_WARN_64_TO_32_BIT_CONVERSION = YES;
				GCC_WARN_ABOUT_RETURN_TYPE = YES_ERROR;
				GCC_WARN_UNDECLARED_SELECTOR = YES;
				GCC_WARN_UNINITIALIZED_AUTOS = YES_AGGRESSIVE;
				GCC_WARN_UNUSED_FUNCTION = YES;
				GCC_WARN_UNUSED_VARIABLE = YES;
				IPHONEOS_DEPLOYMENT_TARGET = 14.5;
				MTL_ENABLE_DEBUG_INFO = NO;
				MTL_FAST_MATH = YES;
				SDKROOT = iphoneos;
				SWIFT_COMPILATION_MODE = wholemodule;
				SWIFT_OPTIMIZATION_LEVEL = "-O";
				VALIDATE_PRODUCT = YES;
			};
			name = Release;
		};
		9DB7F724267CDDBB003E92AB /* Debug */ = {
			isa = XCBuildConfiguration;
			buildSettings = {
				ASSETCATALOG_COMPILER_APPICON_NAME = AppIcon;
				ASSETCATALOG_COMPILER_GLOBAL_ACCENT_COLOR_NAME = AccentColor;
				CODE_SIGN_STYLE = Automatic;
				CURRENT_PROJECT_VERSION = 1;
				DEVELOPMENT_ASSET_PATHS = src/PreviewContent;
				DEVELOPMENT_TEAM = 9XW8U7UU4W;
				ENABLE_PREVIEWS = YES;
				INFOPLIST_FILE = config/Info.plist;
				IPHONEOS_DEPLOYMENT_TARGET = 14.0;
				LD_RUNPATH_SEARCH_PATHS = (
					"$(inherited)",
					"@executable_path/Frameworks",
				);
				MARKETING_VERSION = 1.0.0;
				PRODUCT_BUNDLE_IDENTIFIER = com.diegolavalle.ChessClock;
				PRODUCT_NAME = "$(TARGET_NAME)";
				SWIFT_VERSION = 5.0;
				TARGETED_DEVICE_FAMILY = "1,2";
			};
			name = Debug;
		};
		9DB7F725267CDDBB003E92AB /* Release */ = {
			isa = XCBuildConfiguration;
			buildSettings = {
				ASSETCATALOG_COMPILER_APPICON_NAME = AppIcon;
				ASSETCATALOG_COMPILER_GLOBAL_ACCENT_COLOR_NAME = AccentColor;
				CODE_SIGN_STYLE = Automatic;
				CURRENT_PROJECT_VERSION = 1;
				DEVELOPMENT_ASSET_PATHS = src/PreviewContent;
				DEVELOPMENT_TEAM = 9XW8U7UU4W;
				ENABLE_PREVIEWS = YES;
				INFOPLIST_FILE = config/Info.plist;
				IPHONEOS_DEPLOYMENT_TARGET = 14.0;
				LD_RUNPATH_SEARCH_PATHS = (
					"$(inherited)",
					"@executable_path/Frameworks",
				);
				MARKETING_VERSION = 1.0.0;
				PRODUCT_BUNDLE_IDENTIFIER = com.diegolavalle.ChessClock;
				PRODUCT_NAME = "$(TARGET_NAME)";
				SWIFT_VERSION = 5.0;
				TARGETED_DEVICE_FAMILY = "1,2";
			};
			name = Release;
		};
/* End XCBuildConfiguration section */

/* Begin XCConfigurationList section */
		9DB7F70F267CDDB8003E92AB /* Build configuration list for PBXProject "ChessClock" */ = {
			isa = XCConfigurationList;
			buildConfigurations = (
				9DB7F721267CDDBB003E92AB /* Debug */,
				9DB7F722267CDDBB003E92AB /* Release */,
			);
			defaultConfigurationIsVisible = 0;
			defaultConfigurationName = Release;
		};
		9DB7F723267CDDBB003E92AB /* Build configuration list for PBXNativeTarget "ChessClock" */ = {
			isa = XCConfigurationList;
			buildConfigurations = (
				9DB7F724267CDDBB003E92AB /* Debug */,
				9DB7F725267CDDBB003E92AB /* Release */,
			);
			defaultConfigurationIsVisible = 0;
			defaultConfigurationName = Release;
		};
/* End XCConfigurationList section */
	};
	rootObject = 9DB7F70C267CDDB8003E92AB /* Project object */;
}
